# This file was autogenerated by Stack.
# You should not edit this file by hand.
# For more information, please see the documentation at:
#   https://docs.haskellstack.org/en/stable/lock_files

packages:
- completed:
    hackage: microlens-0.4.11.2@sha256:765ec5cdd12a459e65161f0e3cdbce84652bf634d62af3911ba24e4bf8d4d944,4455
    pantry-tree:
      size: 461
      sha256: 98fdc52fe386eca8994832f7ce6daba584fcc6ccf4859b5e33b004ce25ddba11
  original:
    hackage: microlens-0.4.11.2
- completed:
    hackage: monoidal-containers-0.6.0.1@sha256:f56ea8fe91ff93da140e38b8dab4b94437b901818c13ba72fc7fc802290323ee,2583
    pantry-tree:
      size: 569
      sha256: 3a43dbbb1839521aae37a2baa3fb3ad0cc61a0a8fc4e3aec1f7dda15b92a0279
  original:
    hackage: monoidal-containers-0.6.0.1
- completed:
    hackage: patch-0.0.5.1@sha256:09714e5e38bd35f4f51856cf95f5faa5c8465cd4a680bdb331b5ff00717e8023,2905
    pantry-tree:
      size: 1103
      sha256: fff043a0ccb1a15d7548fa5cd28e5929676a78473b80e8f9f64544991691026d
  original:
    hackage: patch-0.0.5.1
- completed:
    hackage: random-1.2.0@sha256:195506fedaa7c31c1fa2a747e9b49b4a5d1f0b09dd8f1291f23a771656faeec3,6097
    pantry-tree:
      size: 1259
      sha256: 77505a2919b4d1d84abc36c995046f661741251e58a592ed826b7c1aee1c044c
  original:
    hackage: random-1.2.0
- completed:
    hackage: ref-tf-0.4.0.2@sha256:69de3550250e0cd69f45d080359cb314a9487c915024349c75b78732bbee9332,1134
    pantry-tree:
      size: 211
      sha256: fc5a4a35b4c782a33f452c1dc66ffa8ddbf321e2db369bd8823c796f0d4d8c7f
  original:
    hackage: ref-tf-0.4.0.2
- completed:
    hackage: reflex-0.8.2.0@sha256:2ea3db2ed15b83eed6b15f7c1aaceeda9e783b611ac530032f6aeaf0d33b8ef0,11974
    pantry-tree:
      size: 4587
      sha256: e748409809abe4aefda0c6f4feeb55024b1eb75c948c9724c8a6129c79390377
  original:
    hackage: reflex-0.8.2.0
- completed:
    hackage: reflex-vty-0.2.0.0@sha256:2a136962687d7066ba8b826147adb22eb4936c57c3bacec15cec0d93cf5265e2,3586
    pantry-tree:
      size: 1449
      sha256: bb2f458a993117d3dd5fd8e3793ae1e97a30f650553f39e166514501188bf00e
  original:
    hackage: reflex-vty-0.2.0.0
- completed:
    hackage: vty-5.28.2@sha256:8cffce1f4f92eec70b5c3763bb6437852fd3fa7546869496f7667a5abc3f07d7,20859
    pantry-tree:
      size: 5330
      sha256: 3dcf266377fc2a0265b4b60ef2370020ac3354208f0630e06741857ab70cfb83
  original:
    hackage: vty-5.28.2
- completed:
    hackage: witherable-0.3.5@sha256:9febcda439f514aec8f430bd3c75a7cda20b28978a8cbad1b2f8f097a3a16b42,1542
    pantry-tree:
      size: 271
      sha256: 25926431ef3fa588296b840fc9c7a0661ddff35980e6916399a28f13d2892cb8
  original:
    hackage: witherable-0.3.5
- completed:
    hackage: witherable-class-0@sha256:91f05518f9f4af5b02424f13ee7dcdab5d6618e01346aa2f388a72ff93e2e501,775
    pantry-tree:
      size: 277
      sha256: e99696bf95da593a3892c7b9a28db09ffd139b4b1b313f32cec9d26979aa7ce2
  original:
    hackage: witherable-class-0
snapshots:
- completed:
    size: 586106
    url: https://raw.githubusercontent.com/commercialhaskell/stackage-snapshots/master/lts/18/20.yaml
    sha256: 8699812d2b2c1f83d6ad1261de9cf628ed36a1cfc14f19d67188e005e7a3a39d
  original:
    url: https://raw.githubusercontent.com/commercialhaskell/stackage-snapshots/master/lts/18/20.yaml
